// !$*UTF8*$!
{
	archiveVersion = 1;
	classes = {
	};
	objectVersion = 55;
	objects = {

/* Begin PBXBuildFile section */
		4E43DFD027BE959000C20A0D /* BookwormApp.swift in Sources */ = {isa = PBXBuildFile; fileRef = 4E43DFCF27BE959000C20A0D /* BookwormApp.swift */; };
		4E43DFD227BE959000C20A0D /* ContentView.swift in Sources */ = {isa = PBXBuildFile; fileRef = 4E43DFD127BE959000C20A0D /* ContentView.swift */; };
		4E43DFD427BE959300C20A0D /* Assets.xcassets in Resources */ = {isa = PBXBuildFile; fileRef = 4E43DFD327BE959300C20A0D /* Assets.xcassets */; };
		4E43DFD727BE959300C20A0D /* Preview Assets.xcassets in Resources */ = {isa = PBXBuildFile; fileRef = 4E43DFD627BE959300C20A0D /* Preview Assets.xcassets */; };
		4E43DFDF27BEA11F00C20A0D /* Part1View.swift in Sources */ = {isa = PBXBuildFile; fileRef = 4E43DFDE27BEA11F00C20A0D /* Part1View.swift */; };
		4E43DFE127BEA30A00C20A0D /* Part2View.swift in Sources */ = {isa = PBXBuildFile; fileRef = 4E43DFE027BEA30A00C20A0D /* Part2View.swift */; };
		4E43DFE627BEA45400C20A0D /* DataController.swift in Sources */ = {isa = PBXBuildFile; fileRef = 4E43DFE527BEA45400C20A0D /* DataController.swift */; };
		4E43DFE927BEA54500C20A0D /* Bookworm.xcdatamodeld in Sources */ = {isa = PBXBuildFile; fileRef = 4E43DFE727BEA54500C20A0D /* Bookworm.xcdatamodeld */; };
		4E43DFEB27BEAA3100C20A0D /* Part3View.swift in Sources */ = {isa = PBXBuildFile; fileRef = 4E43DFEA27BEAA3100C20A0D /* Part3View.swift */; };
		4E43DFED27BF9E3300C20A0D /* AddBookView.swift in Sources */ = {isa = PBXBuildFile; fileRef = 4E43DFEC27BF9E3300C20A0D /* AddBookView.swift */; };
		4E43DFEF27BFA38000C20A0D /* RatingView.swift in Sources */ = {isa = PBXBuildFile; fileRef = 4E43DFEE27BFA38000C20A0D /* RatingView.swift */; };
		4E43DFF127BFA71000C20A0D /* EmojiRatingView.swift in Sources */ = {isa = PBXBuildFile; fileRef = 4E43DFF027BFA71000C20A0D /* EmojiRatingView.swift */; };
		4E43DFF327BFC8E300C20A0D /* DetailView.swift in Sources */ = {isa = PBXBuildFile; fileRef = 4E43DFF227BFC8E300C20A0D /* DetailView.swift */; };
/* End PBXBuildFile section */

/* Begin PBXFileReference section */
		4E43DFCC27BE959000C20A0D /* Bookworm.app */ = {isa = PBXFileReference; explicitFileType = wrapper.application; includeInIndex = 0; path = Bookworm.app; sourceTree = BUILT_PRODUCTS_DIR; };
		4E43DFCF27BE959000C20A0D /* BookwormApp.swift */ = {isa = PBXFileReference; lastKnownFileType = sourcecode.swift; path = BookwormApp.swift; sourceTree = "<group>"; };
		4E43DFD127BE959000C20A0D /* ContentView.swift */ = {isa = PBXFileReference; lastKnownFileType = sourcecode.swift; path = ContentView.swift; sourceTree = "<group>"; };
		4E43DFD327BE959300C20A0D /* Assets.xcassets */ = {isa = PBXFileReference; lastKnownFileType = folder.assetcatalog; path = Assets.xcassets; sourceTree = "<group>"; };
		4E43DFD627BE959300C20A0D /* Preview Assets.xcassets */ = {isa = PBXFileReference; lastKnownFileType = folder.assetcatalog; path = "Preview Assets.xcassets"; sourceTree = "<group>"; };
		4E43DFDE27BEA11F00C20A0D /* Part1View.swift */ = {isa = PBXFileReference; lastKnownFileType = sourcecode.swift; path = Part1View.swift; sourceTree = "<group>"; };
		4E43DFE027BEA30A00C20A0D /* Part2View.swift */ = {isa = PBXFileReference; lastKnownFileType = sourcecode.swift; path = Part2View.swift; sourceTree = "<group>"; };
		4E43DFE527BEA45400C20A0D /* DataController.swift */ = {isa = PBXFileReference; lastKnownFileType = sourcecode.swift; path = DataController.swift; sourceTree = "<group>"; };
		4E43DFE827BEA54500C20A0D /* Bookworm.xcdatamodel */ = {isa = PBXFileReference; lastKnownFileType = wrapper.xcdatamodel; path = Bookworm.xcdatamodel; sourceTree = "<group>"; };
		4E43DFEA27BEAA3100C20A0D /* Part3View.swift */ = {isa = PBXFileReference; lastKnownFileType = sourcecode.swift; path = Part3View.swift; sourceTree = "<group>"; };
		4E43DFEC27BF9E3300C20A0D /* AddBookView.swift */ = {isa = PBXFileReference; lastKnownFileType = sourcecode.swift; path = AddBookView.swift; sourceTree = "<group>"; };
		4E43DFEE27BFA38000C20A0D /* RatingView.swift */ = {isa = PBXFileReference; lastKnownFileType = sourcecode.swift; path = RatingView.swift; sourceTree = "<group>"; };
		4E43DFF027BFA71000C20A0D /* EmojiRatingView.swift */ = {isa = PBXFileReference; lastKnownFileType = sourcecode.swift; path = EmojiRatingView.swift; sourceTree = "<group>"; };
		4E43DFF227BFC8E300C20A0D /* DetailView.swift */ = {isa = PBXFileReference; lastKnownFileType = sourcecode.swift; path = DetailView.swift; sourceTree = "<group>"; };
/* End PBXFileReference section */

/* Begin PBXFrameworksBuildPhase section */
		4E43DFC927BE959000C20A0D /* Frameworks */ = {
			isa = PBXFrameworksBuildPhase;
			buildActionMask = 2147483647;
			files = (
			);
			runOnlyForDeploymentPostprocessing = 0;
		};
/* End PBXFrameworksBuildPhase section */

/* Begin PBXGroup section */
		4E43DFC327BE959000C20A0D = {
			isa = PBXGroup;
			children = (
				4E43DFCE27BE959000C20A0D /* Bookworm */,
				4E43DFCD27BE959000C20A0D /* Products */,
			);
			sourceTree = "<group>";
		};
		4E43DFCD27BE959000C20A0D /* Products */ = {
			isa = PBXGroup;
			children = (
				4E43DFCC27BE959000C20A0D /* Bookworm.app */,
			);
			name = Products;
			sourceTree = "<group>";
		};
		4E43DFCE27BE959000C20A0D /* Bookworm */ = {
			isa = PBXGroup;
			children = (
				4E43DFDD27BEA10600C20A0D /* Learning parts */,
				4E43DFCF27BE959000C20A0D /* BookwormApp.swift */,
				4E43DFD127BE959000C20A0D /* ContentView.swift */,
				4E43DFEC27BF9E3300C20A0D /* AddBookView.swift */,
				4E43DFEE27BFA38000C20A0D /* RatingView.swift */,
				4E43DFF027BFA71000C20A0D /* EmojiRatingView.swift */,
				4E43DFF227BFC8E300C20A0D /* DetailView.swift */,
				4E43DFE727BEA54500C20A0D /* Bookworm.xcdatamodeld */,
				4E43DFE527BEA45400C20A0D /* DataController.swift */,
				4E43DFD327BE959300C20A0D /* Assets.xcassets */,
				4E43DFD527BE959300C20A0D /* Preview Content */,
			);
			path = Bookworm;
			sourceTree = "<group>";
		};
		4E43DFD527BE959300C20A0D /* Preview Content */ = {
			isa = PBXGroup;
			children = (
				4E43DFD627BE959300C20A0D /* Preview Assets.xcassets */,
			);
			path = "Preview Content";
			sourceTree = "<group>";
		};
		4E43DFDD27BEA10600C20A0D /* Learning parts */ = {
			isa = PBXGroup;
			children = (
				4E43DFDE27BEA11F00C20A0D /* Part1View.swift */,
				4E43DFE027BEA30A00C20A0D /* Part2View.swift */,
				4E43DFEA27BEAA3100C20A0D /* Part3View.swift */,
			);
			path = "Learning parts";
			sourceTree = "<group>";
		};
/* End PBXGroup section */

/* Begin PBXNativeTarget section */
		4E43DFCB27BE959000C20A0D /* Bookworm */ = {
			isa = PBXNativeTarget;
			buildConfigurationList = 4E43DFDA27BE959300C20A0D /* Build configuration list for PBXNativeTarget "Bookworm" */;
			buildPhases = (
				4E43DFC827BE959000C20A0D /* Sources */,
				4E43DFC927BE959000C20A0D /* Frameworks */,
				4E43DFCA27BE959000C20A0D /* Resources */,
			);
			buildRules = (
			);
			dependencies = (
			);
			name = Bookworm;
			productName = Bookworm;
			productReference = 4E43DFCC27BE959000C20A0D /* Bookworm.app */;
			productType = "com.apple.product-type.application";
		};
/* End PBXNativeTarget section */

/* Begin PBXProject section */
		4E43DFC427BE959000C20A0D /* Project object */ = {
			isa = PBXProject;
			attributes = {
				BuildIndependentTargetsInParallel = 1;
				LastSwiftUpdateCheck = 1320;
				LastUpgradeCheck = 1320;
				TargetAttributes = {
					4E43DFCB27BE959000C20A0D = {
						CreatedOnToolsVersion = 13.2.1;
					};
				};
			};
			buildConfigurationList = 4E43DFC727BE959000C20A0D /* Build configuration list for PBXProject "Bookworm" */;
			compatibilityVersion = "Xcode 13.0";
			developmentRegion = en;
			hasScannedForEncodings = 0;
			knownRegions = (
				en,
				Base,
			);
			mainGroup = 4E43DFC327BE959000C20A0D;
			productRefGroup = 4E43DFCD27BE959000C20A0D /* Products */;
			projectDirPath = "";
			projectRoot = "";
			targets = (
				4E43DFCB27BE959000C20A0D /* Bookworm */,
			);
		};
/* End PBXProject section */

/* Begin PBXResourcesBuildPhase section */
		4E43DFCA27BE959000C20A0D /* Resources */ = {
			isa = PBXResourcesBuildPhase;
			buildActionMask = 2147483647;
			files = (
				4E43DFD727BE959300C20A0D /* Preview Assets.xcassets in Resources */,
				4E43DFD427BE959300C20A0D /* Assets.xcassets in Resources */,
			);
			runOnlyForDeploymentPostprocessing = 0;
		};
/* End PBXResourcesBuildPhase section */

/* Begin PBXSourcesBuildPhase section */
		4E43DFC827BE959000C20A0D /* Sources */ = {
			isa = PBXSourcesBuildPhase;
			buildActionMask = 2147483647;
			files = (
				4E43DFF127BFA71000C20A0D /* EmojiRatingView.swift in Sources */,
				4E43DFDF27BEA11F00C20A0D /* Part1View.swift in Sources */,
				4E43DFE627BEA45400C20A0D /* DataController.swift in Sources */,
				4E43DFEB27BEAA3100C20A0D /* Part3View.swift in Sources */,
				4E43DFEF27BFA38000C20A0D /* RatingView.swift in Sources */,
				4E43DFF327BFC8E300C20A0D /* DetailView.swift in Sources */,
				4E43DFED27BF9E3300C20A0D /* AddBookView.swift in Sources */,
				4E43DFD227BE959000C20A0D /* ContentView.swift in Sources */,
				4E43DFE127BEA30A00C20A0D /* Part2View.swift in Sources */,
				4E43DFD027BE959000C20A0D /* BookwormApp.swift in Sources */,
				4E43DFE927BEA54500C20A0D /* Bookworm.xcdatamodeld in Sources */,
			);
			runOnlyForDeploymentPostprocessing = 0;
		};
/* End PBXSourcesBuildPhase section */

/* Begin XCBuildConfiguration section */
		4E43DFD827BE959300C20A0D /* Debug */ = {
			isa = XCBuildConfiguration;
			buildSettings = {
				ALWAYS_SEARCH_USER_PATHS = NO;
				CLANG_ANALYZER_NONNULL = YES;
				CLANG_ANALYZER_NUMBER_OBJECT_CONVERSION = YES_AGGRESSIVE;
				CLANG_CXX_LANGUAGE_STANDARD = "gnu++17";
				CLANG_CXX_LIBRARY = "libc++";
				CLANG_ENABLE_MODULES = YES;
				CLANG_ENABLE_OBJC_ARC = YES;
				CLANG_ENABLE_OBJC_WEAK = YES;
				CLANG_WARN_BLOCK_CAPTURE_AUTORELEASING = YES;
				CLANG_WARN_BOOL_CONVERSION = YES;
				CLANG_WARN_COMMA = YES;
				CLANG_WARN_CONSTANT_CONVERSION = YES;
				CLANG_WARN_DEPRECATED_OBJC_IMPLEMENTATIONS = YES;
				CLANG_WARN_DIRECT_OBJC_ISA_USAGE = YES_ERROR;
				CLANG_WARN_DOCUMENTATION_COMMENTS = YES;
				CLANG_WARN_EMPTY_BODY = YES;
				CLANG_WARN_ENUM_CONVERSION = YES;
				CLANG_WARN_INFINITE_RECURSION = YES;
				CLANG_WARN_INT_CONVERSION = YES;
				CLANG_WARN_NON_LITERAL_NULL_CONVERSION = YES;
				CLANG_WARN_OBJC_IMPLICIT_RETAIN_SELF = YES;
				CLANG_WARN_OBJC_LITERAL_CONVERSION = YES;
				CLANG_WARN_OBJC_ROOT_CLASS = YES_ERROR;
				CLANG_WARN_QUOTED_INCLUDE_IN_FRAMEWORK_HEADER = YES;
				CLANG_WARN_RANGE_LOOP_ANALYSIS = YES;
				CLANG_WARN_STRICT_PROTOTYPES = YES;
				CLANG_WARN_SUSPICIOUS_MOVE = YES;
				CLANG_WARN_UNGUARDED_AVAILABILITY = YES_AGGRESSIVE;
				CLANG_WARN_UNREACHABLE_CODE = YES;
				CLANG_WARN__DUPLICATE_METHOD_MATCH = YES;
				COPY_PHASE_STRIP = NO;
				DEBUG_INFORMATION_FORMAT = dwarf;
				ENABLE_STRICT_OBJC_MSGSEND = YES;
				ENABLE_TESTABILITY = YES;
				GCC_C_LANGUAGE_STANDARD = gnu11;
				GCC_DYNAMIC_NO_PIC = NO;
				GCC_NO_COMMON_BLOCKS = YES;
				GCC_OPTIMIZATION_LEVEL = 0;
				GCC_PREPROCESSOR_DEFINITIONS = (
					"DEBUG=1",
					"$(inherited)",
				);
				GCC_WARN_64_TO_32_BIT_CONVERSION = YES;
				GCC_WARN_ABOUT_RETURN_TYPE = YES_ERROR;
				GCC_WARN_UNDECLARED_SELECTOR = YES;
				GCC_WARN_UNINITIALIZED_AUTOS = YES_AGGRESSIVE;
				GCC_WARN_UNUSED_FUNCTION = YES;
				GCC_WARN_UNUSED_VARIABLE = YES;
				IPHONEOS_DEPLOYMENT_TARGET = 15.2;
				MTL_ENABLE_DEBUG_INFO = INCLUDE_SOURCE;
				MTL_FAST_MATH = YES;
				ONLY_ACTIVE_ARCH = YES;
				SDKROOT = iphoneos;
				SWIFT_ACTIVE_COMPILATION_CONDITIONS = DEBUG;
				SWIFT_OPTIMIZATION_LEVEL = "-Onone";
			};
			name = Debug;
		};
		4E43DFD927BE959300C20A0D /* Release */ = {
			isa = XCBuildConfiguration;
			buildSettings = {
				ALWAYS_SEARCH_USER_PATHS = NO;
				CLANG_ANALYZER_NONNULL = YES;
				CLANG_ANALYZER_NUMBER_OBJECT_CONVERSION = YES_AGGRESSIVE;
				CLANG_CXX_LANGUAGE_STANDARD = "gnu++17";
				CLANG_CXX_LIBRARY = "libc++";
				CLANG_ENABLE_MODULES = YES;
				CLANG_ENABLE_OBJC_ARC = YES;
				CLANG_ENABLE_OBJC_WEAK = YES;
				CLANG_WARN_BLOCK_CAPTURE_AUTORELEASING = YES;
				CLANG_WARN_BOOL_CONVERSION = YES;
				CLANG_WARN_COMMA = YES;
				CLANG_WARN_CONSTANT_CONVERSION = YES;
				CLANG_WARN_DEPRECATED_OBJC_IMPLEMENTATIONS = YES;
				CLANG_WARN_DIRECT_OBJC_ISA_USAGE = YES_ERROR;
				CLANG_WARN_DOCUMENTATION_COMMENTS = YES;
				CLANG_WARN_EMPTY_BODY = YES;
				CLANG_WARN_ENUM_CONVERSION = YES;
				CLANG_WARN_INFINITE_RECURSION = YES;
				CLANG_WARN_INT_CONVERSION = YES;
				CLANG_WARN_NON_LITERAL_NULL_CONVERSION = YES;
				CLANG_WARN_OBJC_IMPLICIT_RETAIN_SELF = YES;
				CLANG_WARN_OBJC_LITERAL_CONVERSION = YES;
				CLANG_WARN_OBJC_ROOT_CLASS = YES_ERROR;
				CLANG_WARN_QUOTED_INCLUDE_IN_FRAMEWORK_HEADER = YES;
				CLANG_WARN_RANGE_LOOP_ANALYSIS = YES;
				CLANG_WARN_STRICT_PROTOTYPES = YES;
				CLANG_WARN_SUSPICIOUS_MOVE = YES;
				CLANG_WARN_UNGUARDED_AVAILABILITY = YES_AGGRESSIVE;
				CLANG_WARN_UNREACHABLE_CODE = YES;
				CLANG_WARN__DUPLICATE_METHOD_MATCH = YES;
				COPY_PHASE_STRIP = NO;
				DEBUG_INFORMATION_FORMAT = "dwarf-with-dsym";
				ENABLE_NS_ASSERTIONS = NO;
				ENABLE_STRICT_OBJC_MSGSEND = YES;
				GCC_C_LANGUAGE_STANDARD = gnu11;
				GCC_NO_COMMON_BLOCKS = YES;
				GCC_WARN_64_TO_32_BIT_CONVERSION = YES;
				GCC_WARN_ABOUT_RETURN_TYPE = YES_ERROR;
				GCC_WARN_UNDECLARED_SELECTOR = YES;
				GCC_WARN_UNINITIALIZED_AUTOS = YES_AGGRESSIVE;
				GCC_WARN_UNUSED_FUNCTION = YES;
				GCC_WARN_UNUSED_VARIABLE = YES;
				IPHONEOS_DEPLOYMENT_TARGET = 15.2;
				MTL_ENABLE_DEBUG_INFO = NO;
				MTL_FAST_MATH = YES;
				SDKROOT = iphoneos;
				SWIFT_COMPILATION_MODE = wholemodule;
				SWIFT_OPTIMIZATION_LEVEL = "-O";
				VALIDATE_PRODUCT = YES;
			};
			name = Release;
		};
		4E43DFDB27BE959300C20A0D /* Debug */ = {
			isa = XCBuildConfiguration;
			buildSettings = {
				ASSETCATALOG_COMPILER_APPICON_NAME = AppIcon;
				ASSETCATALOG_COMPILER_GLOBAL_ACCENT_COLOR_NAME = AccentColor;
				CODE_SIGN_STYLE = Automatic;
				CURRENT_PROJECT_VERSION = 1;
				DEVELOPMENT_ASSET_PATHS = "\"Bookworm/Preview Content\"";
				DEVELOPMENT_TEAM = 43VLJ6372V;
				ENABLE_PREVIEWS = YES;
				GENERATE_INFOPLIST_FILE = YES;
				INFOPLIST_KEY_UIApplicationSceneManifest_Generation = YES;
				INFOPLIST_KEY_UIApplicationSupportsIndirectInputEvents = YES;
				INFOPLIST_KEY_UILaunchScreen_Generation = YES;
				INFOPLIST_KEY_UISupportedInterfaceOrientations_iPad = "UIInterfaceOrientationPortrait UIInterfaceOrientationPortraitUpsideDown UIInterfaceOrientationLandscapeLeft UIInterfaceOrientationLandscapeRight";
				INFOPLIST_KEY_UISupportedInterfaceOrientations_iPhone = "UIInterfaceOrientationPortrait UIInterfaceOrientationLandscapeLeft UIInterfaceOrientationLandscapeRight";
				LD_RUNPATH_SEARCH_PATHS = (
					"$(inherited)",
					"@executable_path/Frameworks",
				);
				MARKETING_VERSION = 1.0;
				PRODUCT_BUNDLE_IDENTIFIER = com.capgemini.dk.nikolajnielsen.Bookworm;
				PRODUCT_NAME = "$(TARGET_NAME)";
				SWIFT_EMIT_LOC_STRINGS = YES;
				SWIFT_VERSION = 5.0;
				TARGETED_DEVICE_FAMILY = "1,2";
			};
			name = Debug;
		};
		4E43DFDC27BE959300C20A0D /* Release */ = {
			isa = XCBuildConfiguration;
			buildSettings = {
				ASSETCATALOG_COMPILER_APPICON_NAME = AppIcon;
				ASSETCATALOG_COMPILER_GLOBAL_ACCENT_COLOR_NAME = AccentColor;
				CODE_SIGN_STYLE = Automatic;
				CURRENT_PROJECT_VERSION = 1;
				DEVELOPMENT_ASSET_PATHS = "\"Bookworm/Preview Content\"";
				DEVELOPMENT_TEAM = 43VLJ6372V;
				ENABLE_PREVIEWS = YES;
				GENERATE_INFOPLIST_FILE = YES;
				INFOPLIST_KEY_UIApplicationSceneManifest_Generation = YES;
				INFOPLIST_KEY_UIApplicationSupportsIndirectInputEvents = YES;
				INFOPLIST_KEY_UILaunchScreen_Generation = YES;
				INFOPLIST_KEY_UISupportedInterfaceOrientations_iPad = "UIInterfaceOrientationPortrait UIInterfaceOrientationPortraitUpsideDown UIInterfaceOrientationLandscapeLeft UIInterfaceOrientationLandscapeRight";
				INFOPLIST_KEY_UISupportedInterfaceOrientations_iPhone = "UIInterfaceOrientationPortrait UIInterfaceOrientationLandscapeLeft UIInterfaceOrientationLandscapeRight";
				LD_RUNPATH_SEARCH_PATHS = (
					"$(inherited)",
					"@executable_path/Frameworks",
				);
				MARKETING_VERSION = 1.0;
				PRODUCT_BUNDLE_IDENTIFIER = com.capgemini.dk.nikolajnielsen.Bookworm;
				PRODUCT_NAME = "$(TARGET_NAME)";
				SWIFT_EMIT_LOC_STRINGS = YES;
				SWIFT_VERSION = 5.0;
				TARGETED_DEVICE_FAMILY = "1,2";
			};
			name = Release;
		};
/* End XCBuildConfiguration section */

/* Begin XCConfigurationList section */
		4E43DFC727BE959000C20A0D /* Build configuration list for PBXProject "Bookworm" */ = {
			isa = XCConfigurationList;
			buildConfigurations = (
				4E43DFD827BE959300C20A0D /* Debug */,
				4E43DFD927BE959300C20A0D /* Release */,
			);
			defaultConfigurationIsVisible = 0;
			defaultConfigurationName = Release;
		};
		4E43DFDA27BE959300C20A0D /* Build configuration list for PBXNativeTarget "Bookworm" */ = {
			isa = XCConfigurationList;
			buildConfigurations = (
				4E43DFDB27BE959300C20A0D /* Debug */,
				4E43DFDC27BE959300C20A0D /* Release */,
			);
			defaultConfigurationIsVisible = 0;
			defaultConfigurationName = Release;
		};
/* End XCConfigurationList section */

/* Begin XCVersionGroup section */
		4E43DFE727BEA54500C20A0D /* Bookworm.xcdatamodeld */ = {
			isa = XCVersionGroup;
			children = (
				4E43DFE827BEA54500C20A0D /* Bookworm.xcdatamodel */,
			);
			currentVersion = 4E43DFE827BEA54500C20A0D /* Bookworm.xcdatamodel */;
			path = Bookworm.xcdatamodeld;
			sourceTree = "<group>";
			versionGroupType = wrapper.xcdatamodel;
		};
/* End XCVersionGroup section */
	};
	rootObject = 4E43DFC427BE959000C20A0D /* Project object */;
}
